// !$*UTF8*$!
{
	archiveVersion = 1;
	classes = {
	};
	objectVersion = 46;
	objects = {

/* Begin PBXBuildFile section */
		3E0FC7C61C825E1800396AB6 /* AppDelegate.swift in Sources */ = {isa = PBXBuildFile; fileRef = 3E0FC7C51C825E1800396AB6 /* AppDelegate.swift */; };
		3E0FC7C81C825E1800396AB6 /* ViewController.swift in Sources */ = {isa = PBXBuildFile; fileRef = 3E0FC7C71C825E1800396AB6 /* ViewController.swift */; };
		3E0FC7CB1C825E1800396AB6 /* Main.storyboard in Resources */ = {isa = PBXBuildFile; fileRef = 3E0FC7C91C825E1800396AB6 /* Main.storyboard */; };
		3E0FC7CD1C825E1800396AB6 /* Assets.xcassets in Resources */ = {isa = PBXBuildFile; fileRef = 3E0FC7CC1C825E1800396AB6 /* Assets.xcassets */; };
		3E0FC7D01C825E1800396AB6 /* LaunchScreen.storyboard in Resources */ = {isa = PBXBuildFile; fileRef = 3E0FC7CE1C825E1800396AB6 /* LaunchScreen.storyboard */; };
		3E0FC7D81C8265A200396AB6 /* TabBarViewController.swift in Sources */ = {isa = PBXBuildFile; fileRef = 3E0FC7D71C8265A200396AB6 /* TabBarViewController.swift */; };
		3E0FC7DA1C82666E00396AB6 /* HomeViewController.swift in Sources */ = {isa = PBXBuildFile; fileRef = 3E0FC7D91C82666E00396AB6 /* HomeViewController.swift */; };
		3E0FC7DC1C82676600396AB6 /* SearchViewController.swift in Sources */ = {isa = PBXBuildFile; fileRef = 3E0FC7DB1C82676600396AB6 /* SearchViewController.swift */; };
		3E0FC7DE1C82684600396AB6 /* ComposeViewController.swift in Sources */ = {isa = PBXBuildFile; fileRef = 3E0FC7DD1C82684600396AB6 /* ComposeViewController.swift */; };
		3E0FC7E01C82685E00396AB6 /* AccountViewController.swift in Sources */ = {isa = PBXBuildFile; fileRef = 3E0FC7DF1C82685E00396AB6 /* AccountViewController.swift */; };
		3E0FC7E21C82687900396AB6 /* TrendingViewController.swift in Sources */ = {isa = PBXBuildFile; fileRef = 3E0FC7E11C82687900396AB6 /* TrendingViewController.swift */; };
		3E0FC7E51C8410CD00396AB6 /* BaseTransition.swift in Sources */ = {isa = PBXBuildFile; fileRef = 3E0FC7E31C8410CD00396AB6 /* BaseTransition.swift */; };
		3E0FC7E61C8410CD00396AB6 /* FadeTransition.swift in Sources */ = {isa = PBXBuildFile; fileRef = 3E0FC7E41C8410CD00396AB6 /* FadeTransition.swift */; };
		3E0FC7E81C8413EB00396AB6 /* LoginViewController.swift in Sources */ = {isa = PBXBuildFile; fileRef = 3E0FC7E71C8413EB00396AB6 /* LoginViewController.swift */; };
/* End PBXBuildFile section */

/* Begin PBXFileReference section */
		3E0FC7C21C825E1800396AB6 /* Tumblr.app */ = {isa = PBXFileReference; explicitFileType = wrapper.application; includeInIndex = 0; path = Tumblr.app; sourceTree = BUILT_PRODUCTS_DIR; };
		3E0FC7C51C825E1800396AB6 /* AppDelegate.swift */ = {isa = PBXFileReference; lastKnownFileType = sourcecode.swift; path = AppDelegate.swift; sourceTree = "<group>"; };
		3E0FC7C71C825E1800396AB6 /* ViewController.swift */ = {isa = PBXFileReference; lastKnownFileType = sourcecode.swift; path = ViewController.swift; sourceTree = "<group>"; };
		3E0FC7CA1C825E1800396AB6 /* Base */ = {isa = PBXFileReference; lastKnownFileType = file.storyboard; name = Base; path = Base.lproj/Main.storyboard; sourceTree = "<group>"; };
		3E0FC7CC1C825E1800396AB6 /* Assets.xcassets */ = {isa = PBXFileReference; lastKnownFileType = folder.assetcatalog; path = Assets.xcassets; sourceTree = "<group>"; };
		3E0FC7CF1C825E1800396AB6 /* Base */ = {isa = PBXFileReference; lastKnownFileType = file.storyboard; name = Base; path = Base.lproj/LaunchScreen.storyboard; sourceTree = "<group>"; };
		3E0FC7D11C825E1800396AB6 /* Info.plist */ = {isa = PBXFileReference; lastKnownFileType = text.plist.xml; path = Info.plist; sourceTree = "<group>"; };
		3E0FC7D71C8265A200396AB6 /* TabBarViewController.swift */ = {isa = PBXFileReference; fileEncoding = 4; lastKnownFileType = sourcecode.swift; path = TabBarViewController.swift; sourceTree = "<group>"; };
		3E0FC7D91C82666E00396AB6 /* HomeViewController.swift */ = {isa = PBXFileReference; fileEncoding = 4; lastKnownFileType = sourcecode.swift; path = HomeViewController.swift; sourceTree = "<group>"; };
		3E0FC7DB1C82676600396AB6 /* SearchViewController.swift */ = {isa = PBXFileReference; fileEncoding = 4; lastKnownFileType = sourcecode.swift; path = SearchViewController.swift; sourceTree = "<group>"; };
		3E0FC7DD1C82684600396AB6 /* ComposeViewController.swift */ = {isa = PBXFileReference; fileEncoding = 4; lastKnownFileType = sourcecode.swift; path = ComposeViewController.swift; sourceTree = "<group>"; };
		3E0FC7DF1C82685E00396AB6 /* AccountViewController.swift */ = {isa = PBXFileReference; fileEncoding = 4; lastKnownFileType = sourcecode.swift; path = AccountViewController.swift; sourceTree = "<group>"; };
		3E0FC7E11C82687900396AB6 /* TrendingViewController.swift */ = {isa = PBXFileReference; fileEncoding = 4; lastKnownFileType = sourcecode.swift; path = TrendingViewController.swift; sourceTree = "<group>"; };
		3E0FC7E31C8410CD00396AB6 /* BaseTransition.swift */ = {isa = PBXFileReference; fileEncoding = 4; lastKnownFileType = sourcecode.swift; path = BaseTransition.swift; sourceTree = "<group>"; };
		3E0FC7E41C8410CD00396AB6 /* FadeTransition.swift */ = {isa = PBXFileReference; fileEncoding = 4; lastKnownFileType = sourcecode.swift; path = FadeTransition.swift; sourceTree = "<group>"; };
		3E0FC7E71C8413EB00396AB6 /* LoginViewController.swift */ = {isa = PBXFileReference; fileEncoding = 4; lastKnownFileType = sourcecode.swift; name = LoginViewController.swift; path = Tumblr/LoginViewController.swift; sourceTree = "<group>"; };
/* End PBXFileReference section */

/* Begin PBXFrameworksBuildPhase section */
		3E0FC7BF1C825E1700396AB6 /* Frameworks */ = {
			isa = PBXFrameworksBuildPhase;
			buildActionMask = 2147483647;
			files = (
			);
			runOnlyForDeploymentPostprocessing = 0;
		};
/* End PBXFrameworksBuildPhase section */

/* Begin PBXGroup section */
		3E0FC7B91C825E1700396AB6 = {
			isa = PBXGroup;
			children = (
				3E0FC7E71C8413EB00396AB6 /* LoginViewController.swift */,
				3E0FC7C41C825E1800396AB6 /* Tumblr */,
				3E0FC7C31C825E1800396AB6 /* Products */,
			);
			sourceTree = "<group>";
		};
		3E0FC7C31C825E1800396AB6 /* Products */ = {
			isa = PBXGroup;
			children = (
				3E0FC7C21C825E1800396AB6 /* Tumblr.app */,
			);
			name = Products;
			sourceTree = "<group>";
		};
		3E0FC7C41C825E1800396AB6 /* Tumblr */ = {
			isa = PBXGroup;
			children = (
				3E0FC7C51C825E1800396AB6 /* AppDelegate.swift */,
				3E0FC7C71C825E1800396AB6 /* ViewController.swift */,
				3E0FC7C91C825E1800396AB6 /* Main.storyboard */,
				3E0FC7E11C82687900396AB6 /* TrendingViewController.swift */,
				3E0FC7DF1C82685E00396AB6 /* AccountViewController.swift */,
				3E0FC7DD1C82684600396AB6 /* ComposeViewController.swift */,
				3E0FC7DB1C82676600396AB6 /* SearchViewController.swift */,
				3E0FC7D91C82666E00396AB6 /* HomeViewController.swift */,
				3E0FC7D71C8265A200396AB6 /* TabBarViewController.swift */,
				3E0FC7E31C8410CD00396AB6 /* BaseTransition.swift */,
				3E0FC7E41C8410CD00396AB6 /* FadeTransition.swift */,
				3E0FC7CC1C825E1800396AB6 /* Assets.xcassets */,
				3E0FC7CE1C825E1800396AB6 /* LaunchScreen.storyboard */,
				3E0FC7D11C825E1800396AB6 /* Info.plist */,
			);
			path = Tumblr;
			sourceTree = "<group>";
		};
/* End PBXGroup section */

/* Begin PBXNativeTarget section */
		3E0FC7C11C825E1700396AB6 /* Tumblr */ = {
			isa = PBXNativeTarget;
			buildConfigurationList = 3E0FC7D41C825E1800396AB6 /* Build configuration list for PBXNativeTarget "Tumblr" */;
			buildPhases = (
				3E0FC7BE1C825E1700396AB6 /* Sources */,
				3E0FC7BF1C825E1700396AB6 /* Frameworks */,
				3E0FC7C01C825E1700396AB6 /* Resources */,
			);
			buildRules = (
			);
			dependencies = (
			);
			name = Tumblr;
			productName = Tumblr;
			productReference = 3E0FC7C21C825E1800396AB6 /* Tumblr.app */;
			productType = "com.apple.product-type.application";
		};
/* End PBXNativeTarget section */

/* Begin PBXProject section */
		3E0FC7BA1C825E1700396AB6 /* Project object */ = {
			isa = PBXProject;
			attributes = {
				LastSwiftUpdateCheck = 0720;
				LastUpgradeCheck = 0720;
				ORGANIZATIONNAME = "Mudit Mittal";
				TargetAttributes = {
					3E0FC7C11C825E1700396AB6 = {
						CreatedOnToolsVersion = 7.2;
						DevelopmentTeam = ZK7G5775TF;
					};
				};
			};
			buildConfigurationList = 3E0FC7BD1C825E1700396AB6 /* Build configuration list for PBXProject "Tumblr" */;
			compatibilityVersion = "Xcode 3.2";
			developmentRegion = English;
			hasScannedForEncodings = 0;
			knownRegions = (
				en,
				Base,
			);
			mainGroup = 3E0FC7B91C825E1700396AB6;
			productRefGroup = 3E0FC7C31C825E1800396AB6 /* Products */;
			projectDirPath = "";
			projectRoot = "";
			targets = (
				3E0FC7C11C825E1700396AB6 /* Tumblr */,
			);
		};
/* End PBXProject section */

/* Begin PBXResourcesBuildPhase section */
		3E0FC7C01C825E1700396AB6 /* Resources */ = {
			isa = PBXResourcesBuildPhase;
			buildActionMask = 2147483647;
			files = (
				3E0FC7D01C825E1800396AB6 /* LaunchScreen.storyboard in Resources */,
				3E0FC7CD1C825E1800396AB6 /* Assets.xcassets in Resources */,
				3E0FC7CB1C825E1800396AB6 /* Main.storyboard in Resources */,
			);
			runOnlyForDeploymentPostprocessing = 0;
		};
/* End PBXResourcesBuildPhase section */

/* Begin PBXSourcesBuildPhase section */
		3E0FC7BE1C825E1700396AB6 /* Sources */ = {
			isa = PBXSourcesBuildPhase;
			buildActionMask = 2147483647;
			files = (
				3E0FC7DC1C82676600396AB6 /* SearchViewController.swift in Sources */,
				3E0FC7E21C82687900396AB6 /* TrendingViewController.swift in Sources */,
				3E0FC7C81C825E1800396AB6 /* ViewController.swift in Sources */,
				3E0FC7E01C82685E00396AB6 /* AccountViewController.swift in Sources */,
				3E0FC7E51C8410CD00396AB6 /* BaseTransition.swift in Sources */,
				3E0FC7D81C8265A200396AB6 /* TabBarViewController.swift in Sources */,
				3E0FC7E61C8410CD00396AB6 /* FadeTransition.swift in Sources */,
				3E0FC7DE1C82684600396AB6 /* ComposeViewController.swift in Sources */,
				3E0FC7C61C825E1800396AB6 /* AppDelegate.swift in Sources */,
				3E0FC7DA1C82666E00396AB6 /* HomeViewController.swift in Sources */,
				3E0FC7E81C8413EB00396AB6 /* LoginViewController.swift in Sources */,
			);
			runOnlyForDeploymentPostprocessing = 0;
		};
/* End PBXSourcesBuildPhase section */

/* Begin PBXVariantGroup section */
		3E0FC7C91C825E1800396AB6 /* Main.storyboard */ = {
			isa = PBXVariantGroup;
			children = (
				3E0FC7CA1C825E1800396AB6 /* Base */,
			);
			name = Main.storyboard;
			sourceTree = "<group>";
		};
		3E0FC7CE1C825E1800396AB6 /* LaunchScreen.storyboard */ = {
			isa = PBXVariantGroup;
			children = (
				3E0FC7CF1C825E1800396AB6 /* Base */,
			);
			name = LaunchScreen.storyboard;
			sourceTree = "<group>";
		};
/* End PBXVariantGroup section */

/* Begin XCBuildConfiguration section */
		3E0FC7D21C825E1800396AB6 /* Debug */ = {
			isa = XCBuildConfiguration;
			buildSettings = {
				ALWAYS_SEARCH_USER_PATHS = NO;
				CLANG_CXX_LANGUAGE_STANDARD = "gnu++0x";
				CLANG_CXX_LIBRARY = "libc++";
				CLANG_ENABLE_MODULES = YES;
				CLANG_ENABLE_OBJC_ARC = YES;
				CLANG_WARN_BOOL_CONVERSION = YES;
				CLANG_WARN_CONSTANT_CONVERSION = YES;
				CLANG_WARN_DIRECT_OBJC_ISA_USAGE = YES_ERROR;
				CLANG_WARN_EMPTY_BODY = YES;
				CLANG_WARN_ENUM_CONVERSION = YES;
				CLANG_WARN_INT_CONVERSION = YES;
				CLANG_WARN_OBJC_ROOT_CLASS = YES_ERROR;
				CLANG_WARN_UNREACHABLE_CODE = YES;
				CLANG_WARN__DUPLICATE_METHOD_MATCH = YES;
				"CODE_SIGN_IDENTITY[sdk=iphoneos*]" = "iPhone Developer";
				COPY_PHASE_STRIP = NO;
				DEBUG_INFORMATION_FORMAT = dwarf;
				ENABLE_STRICT_OBJC_MSGSEND = YES;
				ENABLE_TESTABILITY = YES;
				GCC_C_LANGUAGE_STANDARD = gnu99;
				GCC_DYNAMIC_NO_PIC = NO;
				GCC_NO_COMMON_BLOCKS = YES;
				GCC_OPTIMIZATION_LEVEL = 0;
				GCC_PREPROCESSOR_DEFINITIONS = (
					"DEBUG=1",
					"$(inherited)",
				);
				GCC_WARN_64_TO_32_BIT_CONVERSION = YES;
				GCC_WARN_ABOUT_RETURN_TYPE = YES_ERROR;
				GCC_WARN_UNDECLARED_SELECTOR = YES;
				GCC_WARN_UNINITIALIZED_AUTOS = YES_AGGRESSIVE;
				GCC_WARN_UNUSED_FUNCTION = YES;
				GCC_WARN_UNUSED_VARIABLE = YES;
				IPHONEOS_DEPLOYMENT_TARGET = 9.2;
				MTL_ENABLE_DEBUG_INFO = YES;
				ONLY_ACTIVE_ARCH = YES;
				SDKROOT = iphoneos;
				SWIFT_OPTIMIZATION_LEVEL = "-Onone";
			};
			name = Debug;
		};
		3E0FC7D31C825E1800396AB6 /* Release */ = {
			isa = XCBuildConfiguration;
			buildSettings = {
				ALWAYS_SEARCH_USER_PATHS = NO;
				CLANG_CXX_LANGUAGE_STANDARD = "gnu++0x";
				CLANG_CXX_LIBRARY = "libc++";
				CLANG_ENABLE_MODULES = YES;
				CLANG_ENABLE_OBJC_ARC = YES;
				CLANG_WARN_BOOL_CONVERSION = YES;
				CLANG_WARN_CONSTANT_CONVERSION = YES;
				CLANG_WARN_DIRECT_OBJC_ISA_USAGE = YES_ERROR;
				CLANG_WARN_EMPTY_BODY = YES;
				CLANG_WARN_ENUM_CONVERSION = YES;
				CLANG_WARN_INT_CONVERSION = YES;
				CLANG_WARN_OBJC_ROOT_CLASS = YES_ERROR;
				CLANG_WARN_UNREACHABLE_CODE = YES;
				CLANG_WARN__DUPLICATE_METHOD_MATCH = YES;
				"CODE_SIGN_IDENTITY[sdk=iphoneos*]" = "iPhone Developer";
				COPY_PHASE_STRIP = NO;
				DEBUG_INFORMATION_FORMAT = "dwarf-with-dsym";
				ENABLE_NS_ASSERTIONS = NO;
				ENABLE_STRICT_OBJC_MSGSEND = YES;
				GCC_C_LANGUAGE_STANDARD = gnu99;
				GCC_NO_COMMON_BLOCKS = YES;
				GCC_WARN_64_TO_32_BIT_CONVERSION = YES;
				GCC_WARN_ABOUT_RETURN_TYPE = YES_ERROR;
				GCC_WARN_UNDECLARED_SELECTOR = YES;
				GCC_WARN_UNINITIALIZED_AUTOS = YES_AGGRESSIVE;
				GCC_WARN_UNUSED_FUNCTION = YES;
				GCC_WARN_UNUSED_VARIABLE = YES;
				IPHONEOS_DEPLOYMENT_TARGET = 9.2;
				MTL_ENABLE_DEBUG_INFO = NO;
				SDKROOT = iphoneos;
				VALIDATE_PRODUCT = YES;
			};
			name = Release;
		};
		3E0FC7D51C825E1800396AB6 /* Debug */ = {
			isa = XCBuildConfiguration;
			buildSettings = {
				ASSETCATALOG_COMPILER_APPICON_NAME = AppIcon;
				INFOPLIST_FILE = Tumblr/Info.plist;
				LD_RUNPATH_SEARCH_PATHS = "$(inherited) @executable_path/Frameworks";
				PRODUCT_BUNDLE_IDENTIFIER = com.muditmittal.Tumblr;
				PRODUCT_NAME = "$(TARGET_NAME)";
			};
			name = Debug;
		};
		3E0FC7D61C825E1800396AB6 /* Release */ = {
			isa = XCBuildConfiguration;
			buildSettings = {
				ASSETCATALOG_COMPILER_APPICON_NAME = AppIcon;
				INFOPLIST_FILE = Tumblr/Info.plist;
				LD_RUNPATH_SEARCH_PATHS = "$(inherited) @executable_path/Frameworks";
				PRODUCT_BUNDLE_IDENTIFIER = com.muditmittal.Tumblr;
				PRODUCT_NAME = "$(TARGET_NAME)";
			};
			name = Release;
		};
/* End XCBuildConfiguration section */

/* Begin XCConfigurationList section */
		3E0FC7BD1C825E1700396AB6 /* Build configuration list for PBXProject "Tumblr" */ = {
			isa = XCConfigurationList;
			buildConfigurations = (
				3E0FC7D21C825E1800396AB6 /* Debug */,
				3E0FC7D31C825E1800396AB6 /* Release */,
			);
			defaultConfigurationIsVisible = 0;
			defaultConfigurationName = Release;
		};
		3E0FC7D41C825E1800396AB6 /* Build configuration list for PBXNativeTarget "Tumblr" */ = {
			isa = XCConfigurationList;
			buildConfigurations = (
				3E0FC7D51C825E1800396AB6 /* Debug */,
				3E0FC7D61C825E1800396AB6 /* Release */,
			);
			defaultConfigurationIsVisible = 0;
		};
/* End XCConfigurationList section */
	};
	rootObject = 3E0FC7BA1C825E1700396AB6 /* Project object */;
}
